
Microsoft Visual Studio Solution File, Format Version 12.00
# Visual Studio Version 17
VisualStudioVersion = 17.0.31903.59
MinimumVisualStudioVersion = 10.0.40219.1
Project("{FAE04EC0-301F-11D3-BF4B-00C04F79EFBC}") = "sinemaSalonu", "sinemaSalonu\sinemaSalonu.csproj", "{9440F1D2-964E-42BD-92F4-82612E34371F}"
EndProject
Global
	GlobalSection(SolutionConfigurationPlatforms) = preSolution
		Debug|Any CPU = Debug|Any CPU
		Release|Any CPU = Release|Any CPU
	EndGlobalSection
	GlobalSection(ProjectConfigurationPlatforms) = postSolution
		{9440F1D2-964E-42BD-92F4-82612E34371F}.Debug|Any CPU.ActiveCfg = Debug|Any CPU
		{9440F1D2-964E-42BD-92F4-82612E34371F}.Debug|Any CPU.Build.0 = Debug|Any CPU
		{9440F1D2-964E-42BD-92F4-82612E34371F}.Release|Any CPU.ActiveCfg = Release|Any CPU
		{9440F1D2-964E-42BD-92F4-82612E34371F}.Release|Any CPU.Build.0 = Release|Any CPU
	EndGlobalSection
	GlobalSection(SolutionProperties) = preSolution
		HideSolutionNode = FALSE
	EndGlobalSection
	GlobalSection(ExtensibilityGlobals) = postSolution
		SolutionGuid = {AEC10420-1276-4B0F-9B74-27DA47F21888}
	EndGlobalSection
EndGlobal
